
Microsoft Visual Studio Solution File, Format Version 10.00
# Visual Studio 2008
Project("{8BC9CEB8-8B4A-11D0-8D11-00A0C91BC942}") = "CLI", "CLI.vcproj", "{1A2404B9-0ADE-47E5-A763-0728A06A2751}"
	ProjectSection(ProjectDependencies) = postProject
		{7B28A824-DA6E-4572-9954-9DBA6A17342A} = {7B28A824-DA6E-4572-9954-9DBA6A17342A}
	EndProjectSection
EndProject
Project("{8BC9CEB8-8B4A-11D0-8D11-00A0C91BC942}") = "GODLIB", "..\..\..\GODLIB\GODLIB.vcproj", "{7B28A824-DA6E-4572-9954-9DBA6A17342A}"
EndProject
Global
	GlobalSection(SolutionConfigurationPlatforms) = preSolution
		Debug|Win32 = Debug|Win32
		Release|Win32 = Release|Win32
	EndGlobalSection
	GlobalSection(ProjectConfigurationPlatforms) = postSolution
		{1A2404B9-0ADE-47E5-A763-0728A06A2751}.Debug|Win32.ActiveCfg = Debug|Win32
		{1A2404B9-0ADE-47E5-A763-0728A06A2751}.Debug|Win32.Build.0 = Debug|Win32
		{1A2404B9-0ADE-47E5-A763-0728A06A2751}.Release|Win32.ActiveCfg = Release|Win32
		{1A2404B9-0ADE-47E5-A763-0728A06A2751}.Release|Win32.Build.0 = Release|Win32
		{7B28A824-DA6E-4572-9954-9DBA6A17342A}.Debug|Win32.ActiveCfg = Debug|Win32
		{7B28A824-DA6E-4572-9954-9DBA6A17342A}.Debug|Win32.Build.0 = Debug|Win32
		{7B28A824-DA6E-4572-9954-9DBA6A17342A}.Release|Win32.ActiveCfg = Release|Win32
		{7B28A824-DA6E-4572-9954-9DBA6A17342A}.Release|Win32.Build.0 = Release|Win32
	EndGlobalSection
	GlobalSection(SolutionProperties) = preSolution
		HideSolutionNode = FALSE
	EndGlobalSection
EndGlobal
