
Microsoft Visual Studio Solution File, Format Version 10.00
# Visual Studio 2008
Project("{8BC9CEB8-8B4A-11D0-8D11-00A0C91BC942}") = "JOY", "JOY.vcproj", "{403A3C3E-4C53-4A07-AF6B-5A401F76A454}"
	ProjectSection(ProjectDependencies) = postProject
		{7B28A824-DA6E-4572-9954-9DBA6A17342A} = {7B28A824-DA6E-4572-9954-9DBA6A17342A}
	EndProjectSection
EndProject
Project("{8BC9CEB8-8B4A-11D0-8D11-00A0C91BC942}") = "GODLIB", "..\..\..\GODLIB\GODLIB.vcproj", "{7B28A824-DA6E-4572-9954-9DBA6A17342A}"
EndProject
Global
	GlobalSection(SolutionConfigurationPlatforms) = preSolution
		Debug|Win32 = Debug|Win32
		Release|Win32 = Release|Win32
	EndGlobalSection
	GlobalSection(ProjectConfigurationPlatforms) = postSolution
		{403A3C3E-4C53-4A07-AF6B-5A401F76A454}.Debug|Win32.ActiveCfg = Debug|Win32
		{403A3C3E-4C53-4A07-AF6B-5A401F76A454}.Debug|Win32.Build.0 = Debug|Win32
		{403A3C3E-4C53-4A07-AF6B-5A401F76A454}.Release|Win32.ActiveCfg = Release|Win32
		{403A3C3E-4C53-4A07-AF6B-5A401F76A454}.Release|Win32.Build.0 = Release|Win32
		{7B28A824-DA6E-4572-9954-9DBA6A17342A}.Debug|Win32.ActiveCfg = Debug|Win32
		{7B28A824-DA6E-4572-9954-9DBA6A17342A}.Debug|Win32.Build.0 = Debug|Win32
		{7B28A824-DA6E-4572-9954-9DBA6A17342A}.Release|Win32.ActiveCfg = Release|Win32
		{7B28A824-DA6E-4572-9954-9DBA6A17342A}.Release|Win32.Build.0 = Release|Win32
	EndGlobalSection
	GlobalSection(SolutionProperties) = preSolution
		HideSolutionNode = FALSE
	EndGlobalSection
EndGlobal
